
Microsoft Visual Studio Solution File, Format Version 12.00
# Visual Studio Version 16
VisualStudioVersion = 16.0.32002.261
MinimumVisualStudioVersion = 10.0.40219.1
Project("{FAE04EC0-301F-11D3-BF4B-00C04F79EFBC}") = "Program_to_Print_an_IntegerEntered_byUser", "Program_to_Print_an_IntegerEntered_byUser.csproj", "{A0EA7543-9334-4282-83CC-AFA5CD3FB3D9}"
EndProject
Global
	GlobalSection(SolutionConfigurationPlatforms) = preSolution
		Debug|Any CPU = Debug|Any CPU
		Release|Any CPU = Release|Any CPU
	EndGlobalSection
	GlobalSection(ProjectConfigurationPlatforms) = postSolution
		{A0EA7543-9334-4282-83CC-AFA5CD3FB3D9}.Debug|Any CPU.ActiveCfg = Debug|Any CPU
		{A0EA7543-9334-4282-83CC-AFA5CD3FB3D9}.Debug|Any CPU.Build.0 = Debug|Any CPU
		{A0EA7543-9334-4282-83CC-AFA5CD3FB3D9}.Release|Any CPU.ActiveCfg = Release|Any CPU
		{A0EA7543-9334-4282-83CC-AFA5CD3FB3D9}.Release|Any CPU.Build.0 = Release|Any CPU
	EndGlobalSection
	GlobalSection(SolutionProperties) = preSolution
		HideSolutionNode = FALSE
	EndGlobalSection
	GlobalSection(ExtensibilityGlobals) = postSolution
		SolutionGuid = {11ADAE24-9E10-42E1-8D8C-9193F5B076BD}
	EndGlobalSection
EndGlobal
