
Microsoft Visual Studio Solution File, Format Version 12.00
# Visual Studio Version 16
VisualStudioVersion = 16.0.32002.261
MinimumVisualStudioVersion = 10.0.40219.1
Project("{FAE04EC0-301F-11D3-BF4B-00C04F79EFBC}") = "Student_Marksheet_project", "Student_Marksheet_project.csproj", "{FD4EB4E2-01FD-4C31-8E69-68D0A8C0CF5A}"
EndProject
Global
	GlobalSection(SolutionConfigurationPlatforms) = preSolution
		Debug|Any CPU = Debug|Any CPU
		Release|Any CPU = Release|Any CPU
	EndGlobalSection
	GlobalSection(ProjectConfigurationPlatforms) = postSolution
		{FD4EB4E2-01FD-4C31-8E69-68D0A8C0CF5A}.Debug|Any CPU.ActiveCfg = Debug|Any CPU
		{FD4EB4E2-01FD-4C31-8E69-68D0A8C0CF5A}.Debug|Any CPU.Build.0 = Debug|Any CPU
		{FD4EB4E2-01FD-4C31-8E69-68D0A8C0CF5A}.Release|Any CPU.ActiveCfg = Release|Any CPU
		{FD4EB4E2-01FD-4C31-8E69-68D0A8C0CF5A}.Release|Any CPU.Build.0 = Release|Any CPU
	EndGlobalSection
	GlobalSection(SolutionProperties) = preSolution
		HideSolutionNode = FALSE
	EndGlobalSection
	GlobalSection(ExtensibilityGlobals) = postSolution
		SolutionGuid = {A04AAEC9-5847-4E64-B92D-8007A24FD7E8}
	EndGlobalSection
EndGlobal
