
Microsoft Visual Studio Solution File, Format Version 12.00
# Visual Studio Version 16
VisualStudioVersion = 16.0.33027.164
MinimumVisualStudioVersion = 10.0.40219.1
Project("{FAE04EC0-301F-11D3-BF4B-00C04F79EFBC}") = "Find_Odd_Number_In_Array", "Find_Odd_Number_In_Array.csproj", "{872D35D6-8B16-4DDE-97ED-CE29AF2FE73A}"
EndProject
Global
	GlobalSection(SolutionConfigurationPlatforms) = preSolution
		Debug|Any CPU = Debug|Any CPU
		Release|Any CPU = Release|Any CPU
	EndGlobalSection
	GlobalSection(ProjectConfigurationPlatforms) = postSolution
		{872D35D6-8B16-4DDE-97ED-CE29AF2FE73A}.Debug|Any CPU.ActiveCfg = Debug|Any CPU
		{872D35D6-8B16-4DDE-97ED-CE29AF2FE73A}.Debug|Any CPU.Build.0 = Debug|Any CPU
		{872D35D6-8B16-4DDE-97ED-CE29AF2FE73A}.Release|Any CPU.ActiveCfg = Release|Any CPU
		{872D35D6-8B16-4DDE-97ED-CE29AF2FE73A}.Release|Any CPU.Build.0 = Release|Any CPU
	EndGlobalSection
	GlobalSection(SolutionProperties) = preSolution
		HideSolutionNode = FALSE
	EndGlobalSection
	GlobalSection(ExtensibilityGlobals) = postSolution
		SolutionGuid = {C07FC128-D0E3-4804-BB10-277265D535F7}
	EndGlobalSection
EndGlobal
