
Microsoft Visual Studio Solution File, Format Version 12.00
# Visual Studio Version 16
VisualStudioVersion = 16.0.32002.261
MinimumVisualStudioVersion = 10.0.40219.1
Project("{FAE04EC0-301F-11D3-BF4B-00C04F79EFBC}") = "IF_else_statement", "IF_else_statement.csproj", "{B8E2206A-77D1-46EC-ACEE-4C2E2378ECDD}"
EndProject
Global
	GlobalSection(SolutionConfigurationPlatforms) = preSolution
		Debug|Any CPU = Debug|Any CPU
		Release|Any CPU = Release|Any CPU
	EndGlobalSection
	GlobalSection(ProjectConfigurationPlatforms) = postSolution
		{B8E2206A-77D1-46EC-ACEE-4C2E2378ECDD}.Debug|Any CPU.ActiveCfg = Debug|Any CPU
		{B8E2206A-77D1-46EC-ACEE-4C2E2378ECDD}.Debug|Any CPU.Build.0 = Debug|Any CPU
		{B8E2206A-77D1-46EC-ACEE-4C2E2378ECDD}.Release|Any CPU.ActiveCfg = Release|Any CPU
		{B8E2206A-77D1-46EC-ACEE-4C2E2378ECDD}.Release|Any CPU.Build.0 = Release|Any CPU
	EndGlobalSection
	GlobalSection(SolutionProperties) = preSolution
		HideSolutionNode = FALSE
	EndGlobalSection
	GlobalSection(ExtensibilityGlobals) = postSolution
		SolutionGuid = {17C9BD5C-DB8B-4833-A2F6-38E1EE924FC2}
	EndGlobalSection
EndGlobal
